// !$*UTF8*$!
{
	archiveVersion = 1;
	classes = {
	};
	objectVersion = 77;
	objects = {

/* Begin PBXBuildFile section */
		9A3CFA242C936C6700E30555 /* FirebaseAnalytics in Frameworks */ = {isa = PBXBuildFile; productRef = 9A3CFA232C936C6700E30555 /* FirebaseAnalytics */; };
		9A3CFA262C936C6700E30555 /* FirebaseAuth in Frameworks */ = {isa = PBXBuildFile; productRef = 9A3CFA252C936C6700E30555 /* FirebaseAuth */; };
		9A3CFA282C936C6700E30555 /* FirebaseCrashlytics in Frameworks */ = {isa = PBXBuildFile; productRef = 9A3CFA272C936C6700E30555 /* FirebaseCrashlytics */; };
		9A3CFA2A2C936C6700E30555 /* FirebaseFirestore in Frameworks */ = {isa = PBXBuildFile; productRef = 9A3CFA292C936C6700E30555 /* FirebaseFirestore */; };
		9A3CFA2C2C936C6700E30555 /* FirebaseStorage in Frameworks */ = {isa = PBXBuildFile; productRef = 9A3CFA2B2C936C6700E30555 /* FirebaseStorage */; };
/* End PBXBuildFile section */

/* Begin PBXContainerItemProxy section */
		9A5259A32C8C82E000246051 /* PBXContainerItemProxy */ = {
			isa = PBXContainerItemProxy;
			containerPortal = 9A5259882C8C82DD00246051 /* Project object */;
			proxyType = 1;
			remoteGlobalIDString = 9A52598F2C8C82DD00246051;
			remoteInfo = Embrk;
		};
		9A5259AD2C8C82E000246051 /* PBXContainerItemProxy */ = {
			isa = PBXContainerItemProxy;
			containerPortal = 9A5259882C8C82DD00246051 /* Project object */;
			proxyType = 1;
			remoteGlobalIDString = 9A52598F2C8C82DD00246051;
			remoteInfo = Embrk;
		};
/* End PBXContainerItemProxy section */

/* Begin PBXFileReference section */
		9A5259902C8C82DD00246051 /* Embrk.app */ = {isa = PBXFileReference; explicitFileType = wrapper.application; includeInIndex = 0; path = Embrk.app; sourceTree = BUILT_PRODUCTS_DIR; };
		9A5259A22C8C82E000246051 /* EmbrkTests.xctest */ = {isa = PBXFileReference; explicitFileType = wrapper.cfbundle; includeInIndex = 0; path = EmbrkTests.xctest; sourceTree = BUILT_PRODUCTS_DIR; };
		9A5259AC2C8C82E000246051 /* EmbrkUITests.xctest */ = {isa = PBXFileReference; explicitFileType = wrapper.cfbundle; includeInIndex = 0; path = EmbrkUITests.xctest; sourceTree = BUILT_PRODUCTS_DIR; };
/* End PBXFileReference section */

/* Begin PBXFileSystemSynchronizedBuildFileExceptionSet section */
		9A3CFA2D2C936CEA00E30555 /* Exceptions for "Embrk" folder in "Embrk" target */ = {
			isa = PBXFileSystemSynchronizedBuildFileExceptionSet;
			membershipExceptions = (
				Info.plist,
			);
			target = 9A52598F2C8C82DD00246051 /* Embrk */;
		};
/* End PBXFileSystemSynchronizedBuildFileExceptionSet section */

/* Begin PBXFileSystemSynchronizedRootGroup section */
		9A5259922C8C82DD00246051 /* Embrk */ = {
			isa = PBXFileSystemSynchronizedRootGroup;
			exceptions = (
				9A3CFA2D2C936CEA00E30555 /* Exceptions for "Embrk" folder in "Embrk" target */,
			);
			path = Embrk;
			sourceTree = "<group>";
		};
		9A5259A52C8C82E000246051 /* EmbrkTests */ = {
			isa = PBXFileSystemSynchronizedRootGroup;
			path = EmbrkTests;
			sourceTree = "<group>";
		};
		9A5259AF2C8C82E000246051 /* EmbrkUITests */ = {
			isa = PBXFileSystemSynchronizedRootGroup;
			path = EmbrkUITests;
			sourceTree = "<group>";
		};
/* End PBXFileSystemSynchronizedRootGroup section */

/* Begin PBXFrameworksBuildPhase section */
		9A52598D2C8C82DD00246051 /* Frameworks */ = {
			isa = PBXFrameworksBuildPhase;
			buildActionMask = 2147483647;
			files = (
				9A3CFA282C936C6700E30555 /* FirebaseCrashlytics in Frameworks */,
				9A3CFA2A2C936C6700E30555 /* FirebaseFirestore in Frameworks */,
				9A3CFA242C936C6700E30555 /* FirebaseAnalytics in Frameworks */,
				9A3CFA2C2C936C6700E30555 /* FirebaseStorage in Frameworks */,
				9A3CFA262C936C6700E30555 /* FirebaseAuth in Frameworks */,
			);
			runOnlyForDeploymentPostprocessing = 0;
		};
		9A52599F2C8C82E000246051 /* Frameworks */ = {
			isa = PBXFrameworksBuildPhase;
			buildActionMask = 2147483647;
			files = (
			);
			runOnlyForDeploymentPostprocessing = 0;
		};
		9A5259A92C8C82E000246051 /* Frameworks */ = {
			isa = PBXFrameworksBuildPhase;
			buildActionMask = 2147483647;
			files = (
			);
			runOnlyForDeploymentPostprocessing = 0;
		};
/* End PBXFrameworksBuildPhase section */

/* Begin PBXGroup section */
		9A5259872C8C82DD00246051 = {
			isa = PBXGroup;
			children = (
				9A5259922C8C82DD00246051 /* Embrk */,
				9A5259A52C8C82E000246051 /* EmbrkTests */,
				9A5259AF2C8C82E000246051 /* EmbrkUITests */,
				9A5259912C8C82DD00246051 /* Products */,
			);
			sourceTree = "<group>";
		};
		9A5259912C8C82DD00246051 /* Products */ = {
			isa = PBXGroup;
			children = (
				9A5259902C8C82DD00246051 /* Embrk.app */,
				9A5259A22C8C82E000246051 /* EmbrkTests.xctest */,
				9A5259AC2C8C82E000246051 /* EmbrkUITests.xctest */,
			);
			name = Products;
			sourceTree = "<group>";
		};
/* End PBXGroup section */

/* Begin PBXNativeTarget section */
		9A52598F2C8C82DD00246051 /* Embrk */ = {
			isa = PBXNativeTarget;
			buildConfigurationList = 9A5259B62C8C82E000246051 /* Build configuration list for PBXNativeTarget "Embrk" */;
			buildPhases = (
				9A52598C2C8C82DD00246051 /* Sources */,
				9A52598D2C8C82DD00246051 /* Frameworks */,
				9A52598E2C8C82DD00246051 /* Resources */,
			);
			buildRules = (
			);
			dependencies = (
			);
			fileSystemSynchronizedGroups = (
				9A5259922C8C82DD00246051 /* Embrk */,
			);
			name = Embrk;
			packageProductDependencies = (
				9A3CFA232C936C6700E30555 /* FirebaseAnalytics */,
				9A3CFA252C936C6700E30555 /* FirebaseAuth */,
				9A3CFA272C936C6700E30555 /* FirebaseCrashlytics */,
				9A3CFA292C936C6700E30555 /* FirebaseFirestore */,
				9A3CFA2B2C936C6700E30555 /* FirebaseStorage */,
			);
			productName = Embrk;
			productReference = 9A5259902C8C82DD00246051 /* Embrk.app */;
			productType = "com.apple.product-type.application";
		};
		9A5259A12C8C82E000246051 /* EmbrkTests */ = {
			isa = PBXNativeTarget;
			buildConfigurationList = 9A5259B92C8C82E000246051 /* Build configuration list for PBXNativeTarget "EmbrkTests" */;
			buildPhases = (
				9A52599E2C8C82E000246051 /* Sources */,
				9A52599F2C8C82E000246051 /* Frameworks */,
				9A5259A02C8C82E000246051 /* Resources */,
			);
			buildRules = (
			);
			dependencies = (
				9A5259A42C8C82E000246051 /* PBXTargetDependency */,
			);
			fileSystemSynchronizedGroups = (
				9A5259A52C8C82E000246051 /* EmbrkTests */,
			);
			name = EmbrkTests;
			packageProductDependencies = (
			);
			productName = EmbrkTests;
			productReference = 9A5259A22C8C82E000246051 /* EmbrkTests.xctest */;
			productType = "com.apple.product-type.bundle.unit-test";
		};
		9A5259AB2C8C82E000246051 /* EmbrkUITests */ = {
			isa = PBXNativeTarget;
			buildConfigurationList = 9A5259BC2C8C82E000246051 /* Build configuration list for PBXNativeTarget "EmbrkUITests" */;
			buildPhases = (
				9A5259A82C8C82E000246051 /* Sources */,
				9A5259A92C8C82E000246051 /* Frameworks */,
				9A5259AA2C8C82E000246051 /* Resources */,
			);
			buildRules = (
			);
			dependencies = (
				9A5259AE2C8C82E000246051 /* PBXTargetDependency */,
			);
			fileSystemSynchronizedGroups = (
				9A5259AF2C8C82E000246051 /* EmbrkUITests */,
			);
			name = EmbrkUITests;
			packageProductDependencies = (
			);
			productName = EmbrkUITests;
			productReference = 9A5259AC2C8C82E000246051 /* EmbrkUITests.xctest */;
			productType = "com.apple.product-type.bundle.ui-testing";
		};
/* End PBXNativeTarget section */

/* Begin PBXProject section */
		9A5259882C8C82DD00246051 /* Project object */ = {
			isa = PBXProject;
			attributes = {
				BuildIndependentTargetsInParallel = 1;
				LastSwiftUpdateCheck = 1600;
				LastUpgradeCheck = 1600;
				TargetAttributes = {
					9A52598F2C8C82DD00246051 = {
						CreatedOnToolsVersion = 16.0;
					};
					9A5259A12C8C82E000246051 = {
						CreatedOnToolsVersion = 16.0;
						TestTargetID = 9A52598F2C8C82DD00246051;
					};
					9A5259AB2C8C82E000246051 = {
						CreatedOnToolsVersion = 16.0;
						TestTargetID = 9A52598F2C8C82DD00246051;
					};
				};
			};
			buildConfigurationList = 9A52598B2C8C82DD00246051 /* Build configuration list for PBXProject "Embrk" */;
			developmentRegion = en;
			hasScannedForEncodings = 0;
			knownRegions = (
				en,
				Base,
			);
			mainGroup = 9A5259872C8C82DD00246051;
			minimizedProjectReferenceProxies = 1;
			packageReferences = (
				9A3CFA222C936C6600E30555 /* XCRemoteSwiftPackageReference "firebase-ios-sdk" */,
			);
			preferredProjectObjectVersion = 77;
			productRefGroup = 9A5259912C8C82DD00246051 /* Products */;
			projectDirPath = "";
			projectRoot = "";
			targets = (
				9A52598F2C8C82DD00246051 /* Embrk */,
				9A5259A12C8C82E000246051 /* EmbrkTests */,
				9A5259AB2C8C82E000246051 /* EmbrkUITests */,
			);
		};
/* End PBXProject section */

/* Begin PBXResourcesBuildPhase section */
		9A52598E2C8C82DD00246051 /* Resources */ = {
			isa = PBXResourcesBuildPhase;
			buildActionMask = 2147483647;
			files = (
			);
			runOnlyForDeploymentPostprocessing = 0;
		};
		9A5259A02C8C82E000246051 /* Resources */ = {
			isa = PBXResourcesBuildPhase;
			buildActionMask = 2147483647;
			files = (
			);
			runOnlyForDeploymentPostprocessing = 0;
		};
		9A5259AA2C8C82E000246051 /* Resources */ = {
			isa = PBXResourcesBuildPhase;
			buildActionMask = 2147483647;
			files = (
			);
			runOnlyForDeploymentPostprocessing = 0;
		};
/* End PBXResourcesBuildPhase section */

/* Begin PBXSourcesBuildPhase section */
		9A52598C2C8C82DD00246051 /* Sources */ = {
			isa = PBXSourcesBuildPhase;
			buildActionMask = 2147483647;
			files = (
			);
			runOnlyForDeploymentPostprocessing = 0;
		};
		9A52599E2C8C82E000246051 /* Sources */ = {
			isa = PBXSourcesBuildPhase;
			buildActionMask = 2147483647;
			files = (
			);
			runOnlyForDeploymentPostprocessing = 0;
		};
		9A5259A82C8C82E000246051 /* Sources */ = {
			isa = PBXSourcesBuildPhase;
			buildActionMask = 2147483647;
			files = (
			);
			runOnlyForDeploymentPostprocessing = 0;
		};
/* End PBXSourcesBuildPhase section */

/* Begin PBXTargetDependency section */
		9A5259A42C8C82E000246051 /* PBXTargetDependency */ = {
			isa = PBXTargetDependency;
			target = 9A52598F2C8C82DD00246051 /* Embrk */;
			targetProxy = 9A5259A32C8C82E000246051 /* PBXContainerItemProxy */;
		};
		9A5259AE2C8C82E000246051 /* PBXTargetDependency */ = {
			isa = PBXTargetDependency;
			target = 9A52598F2C8C82DD00246051 /* Embrk */;
			targetProxy = 9A5259AD2C8C82E000246051 /* PBXContainerItemProxy */;
		};
/* End PBXTargetDependency section */

/* Begin XCBuildConfiguration section */
		9A5259B42C8C82E000246051 /* Debug */ = {
			isa = XCBuildConfiguration;
			buildSettings = {
				ALWAYS_SEARCH_USER_PATHS = NO;
				ASSETCATALOG_COMPILER_GENERATE_SWIFT_ASSET_SYMBOL_EXTENSIONS = YES;
				CLANG_ANALYZER_NONNULL = YES;
				CLANG_ANALYZER_NUMBER_OBJECT_CONVERSION = YES_AGGRESSIVE;
				CLANG_CXX_LANGUAGE_STANDARD = "gnu++20";
				CLANG_ENABLE_MODULES = YES;
				CLANG_ENABLE_OBJC_ARC = YES;
				CLANG_ENABLE_OBJC_WEAK = YES;
				CLANG_WARN_BLOCK_CAPTURE_AUTORELEASING = YES;
				CLANG_WARN_BOOL_CONVERSION = YES;
				CLANG_WARN_COMMA = YES;
				CLANG_WARN_CONSTANT_CONVERSION = YES;
				CLANG_WARN_DEPRECATED_OBJC_IMPLEMENTATIONS = YES;
				CLANG_WARN_DIRECT_OBJC_ISA_USAGE = YES_ERROR;
				CLANG_WARN_DOCUMENTATION_COMMENTS = YES;
				CLANG_WARN_EMPTY_BODY = YES;
				CLANG_WARN_ENUM_CONVERSION = YES;
				CLANG_WARN_INFINITE_RECURSION = YES;
				CLANG_WARN_INT_CONVERSION = YES;
				CLANG_WARN_NON_LITERAL_NULL_CONVERSION = YES;
				CLANG_WARN_OBJC_IMPLICIT_RETAIN_SELF = YES;
				CLANG_WARN_OBJC_LITERAL_CONVERSION = YES;
				CLANG_WARN_OBJC_ROOT_CLASS = YES_ERROR;
				CLANG_WARN_QUOTED_INCLUDE_IN_FRAMEWORK_HEADER = YES;
				CLANG_WARN_RANGE_LOOP_ANALYSIS = YES;
				CLANG_WARN_STRICT_PROTOTYPES = YES;
				CLANG_WARN_SUSPICIOUS_MOVE = YES;
				CLANG_WARN_UNGUARDED_AVAILABILITY = YES_AGGRESSIVE;
				CLANG_WARN_UNREACHABLE_CODE = YES;
				CLANG_WARN__DUPLICATE_METHOD_MATCH = YES;
				COPY_PHASE_STRIP = NO;
				DEBUG_INFORMATION_FORMAT = dwarf;
				ENABLE_STRICT_OBJC_MSGSEND = YES;
				ENABLE_TESTABILITY = YES;
				ENABLE_USER_SCRIPT_SANDBOXING = YES;
				GCC_C_LANGUAGE_STANDARD = gnu17;
				GCC_DYNAMIC_NO_PIC = NO;
				GCC_NO_COMMON_BLOCKS = YES;
				GCC_OPTIMIZATION_LEVEL = 0;
				GCC_PREPROCESSOR_DEFINITIONS = (
					"DEBUG=1",
					"$(inherited)",
				);
				GCC_WARN_64_TO_32_BIT_CONVERSION = YES;
				GCC_WARN_ABOUT_RETURN_TYPE = YES_ERROR;
				GCC_WARN_UNDECLARED_SELECTOR = YES;
				GCC_WARN_UNINITIALIZED_AUTOS = YES_AGGRESSIVE;
				GCC_WARN_UNUSED_FUNCTION = YES;
				GCC_WARN_UNUSED_VARIABLE = YES;
				IPHONEOS_DEPLOYMENT_TARGET = 18.0;
				LOCALIZATION_PREFERS_STRING_CATALOGS = YES;
				MTL_ENABLE_DEBUG_INFO = INCLUDE_SOURCE;
				MTL_FAST_MATH = YES;
				ONLY_ACTIVE_ARCH = YES;
				SDKROOT = iphoneos;
				SWIFT_ACTIVE_COMPILATION_CONDITIONS = "DEBUG $(inherited)";
				SWIFT_OPTIMIZATION_LEVEL = "-Onone";
			};
			name = Debug;
		};
		9A5259B52C8C82E000246051 /* Release */ = {
			isa = XCBuildConfiguration;
			buildSettings = {
				ALWAYS_SEARCH_USER_PATHS = NO;
				ASSETCATALOG_COMPILER_GENERATE_SWIFT_ASSET_SYMBOL_EXTENSIONS = YES;
				CLANG_ANALYZER_NONNULL = YES;
				CLANG_ANALYZER_NUMBER_OBJECT_CONVERSION = YES_AGGRESSIVE;
				CLANG_CXX_LANGUAGE_STANDARD = "gnu++20";
				CLANG_ENABLE_MODULES = YES;
				CLANG_ENABLE_OBJC_ARC = YES;
				CLANG_ENABLE_OBJC_WEAK = YES;
				CLANG_WARN_BLOCK_CAPTURE_AUTORELEASING = YES;
				CLANG_WARN_BOOL_CONVERSION = YES;
				CLANG_WARN_COMMA = YES;
				CLANG_WARN_CONSTANT_CONVERSION = YES;
				CLANG_WARN_DEPRECATED_OBJC_IMPLEMENTATIONS = YES;
				CLANG_WARN_DIRECT_OBJC_ISA_USAGE = YES_ERROR;
				CLANG_WARN_DOCUMENTATION_COMMENTS = YES;
				CLANG_WARN_EMPTY_BODY = YES;
				CLANG_WARN_ENUM_CONVERSION = YES;
				CLANG_WARN_INFINITE_RECURSION = YES;
				CLANG_WARN_INT_CONVERSION = YES;
				CLANG_WARN_NON_LITERAL_NULL_CONVERSION = YES;
				CLANG_WARN_OBJC_IMPLICIT_RETAIN_SELF = YES;
				CLANG_WARN_OBJC_LITERAL_CONVERSION = YES;
				CLANG_WARN_OBJC_ROOT_CLASS = YES_ERROR;
				CLANG_WARN_QUOTED_INCLUDE_IN_FRAMEWORK_HEADER = YES;
				CLANG_WARN_RANGE_LOOP_ANALYSIS = YES;
				CLANG_WARN_STRICT_PROTOTYPES = YES;
				CLANG_WARN_SUSPICIOUS_MOVE = YES;
				CLANG_WARN_UNGUARDED_AVAILABILITY = YES_AGGRESSIVE;
				CLANG_WARN_UNREACHABLE_CODE = YES;
				CLANG_WARN__DUPLICATE_METHOD_MATCH = YES;
				COPY_PHASE_STRIP = NO;
				DEBUG_INFORMATION_FORMAT = "dwarf-with-dsym";
				ENABLE_NS_ASSERTIONS = NO;
				ENABLE_STRICT_OBJC_MSGSEND = YES;
				ENABLE_USER_SCRIPT_SANDBOXING = YES;
				GCC_C_LANGUAGE_STANDARD = gnu17;
				GCC_NO_COMMON_BLOCKS = YES;
				GCC_WARN_64_TO_32_BIT_CONVERSION = YES;
				GCC_WARN_ABOUT_RETURN_TYPE = YES_ERROR;
				GCC_WARN_UNDECLARED_SELECTOR = YES;
				GCC_WARN_UNINITIALIZED_AUTOS = YES_AGGRESSIVE;
				GCC_WARN_UNUSED_FUNCTION = YES;
				GCC_WARN_UNUSED_VARIABLE = YES;
				IPHONEOS_DEPLOYMENT_TARGET = 18.0;
				LOCALIZATION_PREFERS_STRING_CATALOGS = YES;
				MTL_ENABLE_DEBUG_INFO = NO;
				MTL_FAST_MATH = YES;
				SDKROOT = iphoneos;
				SWIFT_COMPILATION_MODE = wholemodule;
				VALIDATE_PRODUCT = YES;
			};
			name = Release;
		};
		9A5259B72C8C82E000246051 /* Debug */ = {
			isa = XCBuildConfiguration;
			buildSettings = {
				ASSETCATALOG_COMPILER_APPICON_NAME = AppIcon;
				ASSETCATALOG_COMPILER_GLOBAL_ACCENT_COLOR_NAME = AccentColor;
				CODE_SIGN_STYLE = Automatic;
				CURRENT_PROJECT_VERSION = 1;
				DEVELOPMENT_ASSET_PATHS = "\"Embrk/Preview Content\"";
				DEVELOPMENT_TEAM = NDHLV3J6XD;
				ENABLE_PREVIEWS = YES;
				GENERATE_INFOPLIST_FILE = YES;
				INFOPLIST_KEY_UIApplicationSceneManifest_Generation = YES;
				INFOPLIST_KEY_UIApplicationSupportsIndirectInputEvents = YES;
				INFOPLIST_KEY_UILaunchScreen_Generation = YES;
				INFOPLIST_KEY_UISupportedInterfaceOrientations_iPad = "UIInterfaceOrientationPortrait UIInterfaceOrientationPortraitUpsideDown UIInterfaceOrientationLandscapeLeft UIInterfaceOrientationLandscapeRight";
				INFOPLIST_KEY_UISupportedInterfaceOrientations_iPhone = "UIInterfaceOrientationPortrait UIInterfaceOrientationLandscapeLeft UIInterfaceOrientationLandscapeRight";
				LD_RUNPATH_SEARCH_PATHS = (
					"$(inherited)",
					"@executable_path/Frameworks",
				);
				MARKETING_VERSION = 1.0;
				PRODUCT_BUNDLE_IDENTIFIER = com.EmbrkApp.Embrk;
				PRODUCT_NAME = "$(TARGET_NAME)";
				SWIFT_EMIT_LOC_STRINGS = YES;
				SWIFT_VERSION = 5.0;
				TARGETED_DEVICE_FAMILY = "1,2";
			};
			name = Debug;
		};
		9A5259B82C8C82E000246051 /* Release */ = {
			isa = XCBuildConfiguration;
			buildSettings = {
				ASSETCATALOG_COMPILER_APPICON_NAME = AppIcon;
				ASSETCATALOG_COMPILER_GLOBAL_ACCENT_COLOR_NAME = AccentColor;
				CODE_SIGN_STYLE = Automatic;
				CURRENT_PROJECT_VERSION = 1;
				DEVELOPMENT_ASSET_PATHS = "\"Embrk/Preview Content\"";
				DEVELOPMENT_TEAM = NDHLV3J6XD;
				ENABLE_PREVIEWS = YES;
				GENERATE_INFOPLIST_FILE = YES;
				INFOPLIST_KEY_UIApplicationSceneManifest_Generation = YES;
				INFOPLIST_KEY_UIApplicationSupportsIndirectInputEvents = YES;
				INFOPLIST_KEY_UILaunchScreen_Generation = YES;
				INFOPLIST_KEY_UISupportedInterfaceOrientations_iPad = "UIInterfaceOrientationPortrait UIInterfaceOrientationPortraitUpsideDown UIInterfaceOrientationLandscapeLeft UIInterfaceOrientationLandscapeRight";
				INFOPLIST_KEY_UISupportedInterfaceOrientations_iPhone = "UIInterfaceOrientationPortrait UIInterfaceOrientationLandscapeLeft UIInterfaceOrientationLandscapeRight";
				LD_RUNPATH_SEARCH_PATHS = (
					"$(inherited)",
					"@executable_path/Frameworks",
				);
				MARKETING_VERSION = 1.0;
				PRODUCT_BUNDLE_IDENTIFIER = com.EmbrkApp.Embrk;
				PRODUCT_NAME = "$(TARGET_NAME)";
				SWIFT_EMIT_LOC_STRINGS = YES;
				SWIFT_VERSION = 5.0;
				TARGETED_DEVICE_FAMILY = "1,2";
			};
			name = Release;
		};
		9A5259BA2C8C82E000246051 /* Debug */ = {
			isa = XCBuildConfiguration;
			buildSettings = {
				BUNDLE_LOADER = "$(TEST_HOST)";
				CODE_SIGN_STYLE = Automatic;
				CURRENT_PROJECT_VERSION = 1;
				GENERATE_INFOPLIST_FILE = YES;
				IPHONEOS_DEPLOYMENT_TARGET = 18.0;
				MARKETING_VERSION = 1.0;
				PRODUCT_BUNDLE_IDENTIFIER = com.EmbrkApp.EmbrkTests;
				PRODUCT_NAME = "$(TARGET_NAME)";
				SWIFT_EMIT_LOC_STRINGS = NO;
				SWIFT_VERSION = 5.0;
				TARGETED_DEVICE_FAMILY = "1,2";
				TEST_HOST = "$(BUILT_PRODUCTS_DIR)/Embrk.app/$(BUNDLE_EXECUTABLE_FOLDER_PATH)/Embrk";
			};
			name = Debug;
		};
		9A5259BB2C8C82E000246051 /* Release */ = {
			isa = XCBuildConfiguration;
			buildSettings = {
				BUNDLE_LOADER = "$(TEST_HOST)";
				CODE_SIGN_STYLE = Automatic;
				CURRENT_PROJECT_VERSION = 1;
				GENERATE_INFOPLIST_FILE = YES;
				IPHONEOS_DEPLOYMENT_TARGET = 18.0;
				MARKETING_VERSION = 1.0;
				PRODUCT_BUNDLE_IDENTIFIER = com.EmbrkApp.EmbrkTests;
				PRODUCT_NAME = "$(TARGET_NAME)";
				SWIFT_EMIT_LOC_STRINGS = NO;
				SWIFT_VERSION = 5.0;
				TARGETED_DEVICE_FAMILY = "1,2";
				TEST_HOST = "$(BUILT_PRODUCTS_DIR)/Embrk.app/$(BUNDLE_EXECUTABLE_FOLDER_PATH)/Embrk";
			};
			name = Release;
		};
		9A5259BD2C8C82E000246051 /* Debug */ = {
			isa = XCBuildConfiguration;
			buildSettings = {
				CODE_SIGN_STYLE = Automatic;
				CURRENT_PROJECT_VERSION = 1;
				GENERATE_INFOPLIST_FILE = YES;
				MARKETING_VERSION = 1.0;
				PRODUCT_BUNDLE_IDENTIFIER = com.EmbrkApp.EmbrkUITests;
				PRODUCT_NAME = "$(TARGET_NAME)";
				SWIFT_EMIT_LOC_STRINGS = NO;
				SWIFT_VERSION = 5.0;
				TARGETED_DEVICE_FAMILY = "1,2";
				TEST_TARGET_NAME = Embrk;
			};
			name = Debug;
		};
		9A5259BE2C8C82E000246051 /* Release */ = {
			isa = XCBuildConfiguration;
			buildSettings = {
				CODE_SIGN_STYLE = Automatic;
				CURRENT_PROJECT_VERSION = 1;
				GENERATE_INFOPLIST_FILE = YES;
				MARKETING_VERSION = 1.0;
				PRODUCT_BUNDLE_IDENTIFIER = com.EmbrkApp.EmbrkUITests;
				PRODUCT_NAME = "$(TARGET_NAME)";
				SWIFT_EMIT_LOC_STRINGS = NO;
				SWIFT_VERSION = 5.0;
				TARGETED_DEVICE_FAMILY = "1,2";
				TEST_TARGET_NAME = Embrk;
			};
			name = Release;
		};
/* End XCBuildConfiguration section */

/* Begin XCConfigurationList section */
		9A52598B2C8C82DD00246051 /* Build configuration list for PBXProject "Embrk" */ = {
			isa = XCConfigurationList;
			buildConfigurations = (
				9A5259B42C8C82E000246051 /* Debug */,
				9A5259B52C8C82E000246051 /* Release */,
			);
			defaultConfigurationIsVisible = 0;
			defaultConfigurationName = Release;
		};
		9A5259B62C8C82E000246051 /* Build configuration list for PBXNativeTarget "Embrk" */ = {
			isa = XCConfigurationList;
			buildConfigurations = (
				9A5259B72C8C82E000246051 /* Debug */,
				9A5259B82C8C82E000246051 /* Release */,
			);
			defaultConfigurationIsVisible = 0;
			defaultConfigurationName = Release;
		};
		9A5259B92C8C82E000246051 /* Build configuration list for PBXNativeTarget "EmbrkTests" */ = {
			isa = XCConfigurationList;
			buildConfigurations = (
				9A5259BA2C8C82E000246051 /* Debug */,
				9A5259BB2C8C82E000246051 /* Release */,
			);
			defaultConfigurationIsVisible = 0;
			defaultConfigurationName = Release;
		};
		9A5259BC2C8C82E000246051 /* Build configuration list for PBXNativeTarget "EmbrkUITests" */ = {
			isa = XCConfigurationList;
			buildConfigurations = (
				9A5259BD2C8C82E000246051 /* Debug */,
				9A5259BE2C8C82E000246051 /* Release */,
			);
			defaultConfigurationIsVisible = 0;
			defaultConfigurationName = Release;
		};
/* End XCConfigurationList section */

/* Begin XCRemoteSwiftPackageReference section */
		9A3CFA222C936C6600E30555 /* XCRemoteSwiftPackageReference "firebase-ios-sdk" */ = {
			isa = XCRemoteSwiftPackageReference;
			repositoryURL = "https://github.com/firebase/firebase-ios-sdk";
			requirement = {
				kind = upToNextMajorVersion;
				minimumVersion = 11.2.0;
			};
		};
/* End XCRemoteSwiftPackageReference section */

/* Begin XCSwiftPackageProductDependency section */
		9A3CFA232C936C6700E30555 /* FirebaseAnalytics */ = {
			isa = XCSwiftPackageProductDependency;
			package = 9A3CFA222C936C6600E30555 /* XCRemoteSwiftPackageReference "firebase-ios-sdk" */;
			productName = FirebaseAnalytics;
		};
		9A3CFA252C936C6700E30555 /* FirebaseAuth */ = {
			isa = XCSwiftPackageProductDependency;
			package = 9A3CFA222C936C6600E30555 /* XCRemoteSwiftPackageReference "firebase-ios-sdk" */;
			productName = FirebaseAuth;
		};
		9A3CFA272C936C6700E30555 /* FirebaseCrashlytics */ = {
			isa = XCSwiftPackageProductDependency;
			package = 9A3CFA222C936C6600E30555 /* XCRemoteSwiftPackageReference "firebase-ios-sdk" */;
			productName = FirebaseCrashlytics;
		};
		9A3CFA292C936C6700E30555 /* FirebaseFirestore */ = {
			isa = XCSwiftPackageProductDependency;
			package = 9A3CFA222C936C6600E30555 /* XCRemoteSwiftPackageReference "firebase-ios-sdk" */;
			productName = FirebaseFirestore;
		};
		9A3CFA2B2C936C6700E30555 /* FirebaseStorage */ = {
			isa = XCSwiftPackageProductDependency;
			package = 9A3CFA222C936C6600E30555 /* XCRemoteSwiftPackageReference "firebase-ios-sdk" */;
			productName = FirebaseStorage;
		};
/* End XCSwiftPackageProductDependency section */
	};
	rootObject = 9A5259882C8C82DD00246051 /* Project object */;
}
